
Microsoft Visual Studio Solution File, Format Version 12.00
# Visual Studio 14
VisualStudioVersion = 14.0.25420.1
MinimumVisualStudioVersion = 10.0.40219.1
Project("{8BC9CEB8-8B4A-11D0-8D11-00A0C91BC942}") = "5.DriverTimer", "5.DriverTimer\5.DriverTimer.vcxproj", "{081CD9E6-4DC6-492F-BEEE-16F7EF662FEC}"
EndProject
Global
	GlobalSection(SolutionConfigurationPlatforms) = preSolution
		Debug|ARM = Debug|ARM
		Debug|ARM64 = Debug|ARM64
		Debug|x64 = Debug|x64
		Debug|x86 = Debug|x86
		Release|ARM = Release|ARM
		Release|ARM64 = Release|ARM64
		Release|x64 = Release|x64
		Release|x86 = Release|x86
	EndGlobalSection
	GlobalSection(ProjectConfigurationPlatforms) = postSolution
		{081CD9E6-4DC6-492F-BEEE-16F7EF662FEC}.Debug|ARM.ActiveCfg = Debug|ARM
		{081CD9E6-4DC6-492F-BEEE-16F7EF662FEC}.Debug|ARM.Build.0 = Debug|ARM
		{081CD9E6-4DC6-492F-BEEE-16F7EF662FEC}.Debug|ARM.Deploy.0 = Debug|ARM
		{081CD9E6-4DC6-492F-BEEE-16F7EF662FEC}.Debug|ARM64.ActiveCfg = Debug|ARM64
		{081CD9E6-4DC6-492F-BEEE-16F7EF662FEC}.Debug|ARM64.Build.0 = Debug|ARM64
		{081CD9E6-4DC6-492F-BEEE-16F7EF662FEC}.Debug|ARM64.Deploy.0 = Debug|ARM64
		{081CD9E6-4DC6-492F-BEEE-16F7EF662FEC}.Debug|x64.ActiveCfg = Debug|x64
		{081CD9E6-4DC6-492F-BEEE-16F7EF662FEC}.Debug|x64.Build.0 = Debug|x64
		{081CD9E6-4DC6-492F-BEEE-16F7EF662FEC}.Debug|x64.Deploy.0 = Debug|x64
		{081CD9E6-4DC6-492F-BEEE-16F7EF662FEC}.Debug|x86.ActiveCfg = Debug|Win32
		{081CD9E6-4DC6-492F-BEEE-16F7EF662FEC}.Debug|x86.Build.0 = Debug|Win32
		{081CD9E6-4DC6-492F-BEEE-16F7EF662FEC}.Debug|x86.Deploy.0 = Debug|Win32
		{081CD9E6-4DC6-492F-BEEE-16F7EF662FEC}.Release|ARM.ActiveCfg = Release|ARM
		{081CD9E6-4DC6-492F-BEEE-16F7EF662FEC}.Release|ARM.Build.0 = Release|ARM
		{081CD9E6-4DC6-492F-BEEE-16F7EF662FEC}.Release|ARM.Deploy.0 = Release|ARM
		{081CD9E6-4DC6-492F-BEEE-16F7EF662FEC}.Release|ARM64.ActiveCfg = Release|ARM64
		{081CD9E6-4DC6-492F-BEEE-16F7EF662FEC}.Release|ARM64.Build.0 = Release|ARM64
		{081CD9E6-4DC6-492F-BEEE-16F7EF662FEC}.Release|ARM64.Deploy.0 = Release|ARM64
		{081CD9E6-4DC6-492F-BEEE-16F7EF662FEC}.Release|x64.ActiveCfg = Release|x64
		{081CD9E6-4DC6-492F-BEEE-16F7EF662FEC}.Release|x64.Build.0 = Release|x64
		{081CD9E6-4DC6-492F-BEEE-16F7EF662FEC}.Release|x64.Deploy.0 = Release|x64
		{081CD9E6-4DC6-492F-BEEE-16F7EF662FEC}.Release|x86.ActiveCfg = Release|Win32
		{081CD9E6-4DC6-492F-BEEE-16F7EF662FEC}.Release|x86.Build.0 = Release|Win32
		{081CD9E6-4DC6-492F-BEEE-16F7EF662FEC}.Release|x86.Deploy.0 = Release|Win32
	EndGlobalSection
	GlobalSection(SolutionProperties) = preSolution
		HideSolutionNode = FALSE
	EndGlobalSection
EndGlobal
